// !$*UTF8*$!
{
	archiveVersion = 1;
	classes = {
	};
	objectVersion = 56;
	objects = {

/* Begin PBXBuildFile section */
		03007DB4292C8C8000227727 /* EmojiViewController.swift in Sources */ = {isa = PBXBuildFile; fileRef = 03007DB3292C8C8000227727 /* EmojiViewController.swift */; };
		03007DB6292C8C8800227727 /* Emoji.storyboard in Resources */ = {isa = PBXBuildFile; fileRef = 03007DB5292C8C8800227727 /* Emoji.storyboard */; };
		03007DB8292C9A6A00227727 /* MusicCell.swift in Sources */ = {isa = PBXBuildFile; fileRef = 03007DB7292C9A6A00227727 /* MusicCell.swift */; };
		03140F92291F1FFC0090B78C /* SearchCell.swift in Sources */ = {isa = PBXBuildFile; fileRef = 03140F90291F1FFC0090B78C /* SearchCell.swift */; };
		03140F93291F1FFC0090B78C /* SearchCell.xib in Resources */ = {isa = PBXBuildFile; fileRef = 03140F91291F1FFC0090B78C /* SearchCell.xib */; };
		0319836B292D3DD8009B1050 /* CalenderBean.swift in Sources */ = {isa = PBXBuildFile; fileRef = 0319836A292D3DD8009B1050 /* CalenderBean.swift */; };
		0319836D292D3E2B009B1050 /* CalenderDetailBean.swift in Sources */ = {isa = PBXBuildFile; fileRef = 0319836C292D3E2B009B1050 /* CalenderDetailBean.swift */; };
		0319836F292D3E49009B1050 /* QuestionBean.swift in Sources */ = {isa = PBXBuildFile; fileRef = 0319836E292D3E49009B1050 /* QuestionBean.swift */; };
		03198371292D3E5A009B1050 /* VideoBean.swift in Sources */ = {isa = PBXBuildFile; fileRef = 03198370292D3E5A009B1050 /* VideoBean.swift */; };
		03198373292D3EBD009B1050 /* WebModel.swift in Sources */ = {isa = PBXBuildFile; fileRef = 03198372292D3EBD009B1050 /* WebModel.swift */; };
		03198376292D3EDB009B1050 /* WebService.swift in Sources */ = {isa = PBXBuildFile; fileRef = 03198375292D3EDB009B1050 /* WebService.swift */; };
		03198379292D3FB6009B1050 /* HttpWrapper.swift in Sources */ = {isa = PBXBuildFile; fileRef = 03198378292D3FB6009B1050 /* HttpWrapper.swift */; };
		0319837B292D3FC8009B1050 /* JSONUtil.swift in Sources */ = {isa = PBXBuildFile; fileRef = 0319837A292D3FC8009B1050 /* JSONUtil.swift */; };
		0319837D292D4029009B1050 /* Detail.storyboard in Resources */ = {isa = PBXBuildFile; fileRef = 0319837C292D4029009B1050 /* Detail.storyboard */; };
		0319837F292D403C009B1050 /* DetailViewController.swift in Sources */ = {isa = PBXBuildFile; fileRef = 0319837E292D403C009B1050 /* DetailViewController.swift */; };
		03198381292D45A8009B1050 /* DLogUtil.swift in Sources */ = {isa = PBXBuildFile; fileRef = 03198380292D45A8009B1050 /* DLogUtil.swift */; };
		03198383292D477A009B1050 /* DateExtension.swift in Sources */ = {isa = PBXBuildFile; fileRef = 03198382292D477A009B1050 /* DateExtension.swift */; };
		03198385292D47D1009B1050 /* UIImageExtension.swift in Sources */ = {isa = PBXBuildFile; fileRef = 03198384292D47D1009B1050 /* UIImageExtension.swift */; };
		03198387292D47E2009B1050 /* UIViewExtension.swift in Sources */ = {isa = PBXBuildFile; fileRef = 03198386292D47E2009B1050 /* UIViewExtension.swift */; };
		0319838A292D484E009B1050 /* Constant.swift in Sources */ = {isa = PBXBuildFile; fileRef = 03198389292D484E009B1050 /* Constant.swift */; };
		0329FBE22924F07200A1F982 /* Map.storyboard in Resources */ = {isa = PBXBuildFile; fileRef = 0329FBE42924F07200A1F982 /* Map.storyboard */; };
		0330C710291641B500737848 /* StorageViewController.swift in Sources */ = {isa = PBXBuildFile; fileRef = 0330C70F291641B500737848 /* StorageViewController.swift */; };
		0330C712291641D300737848 /* MypageViewController.swift in Sources */ = {isa = PBXBuildFile; fileRef = 0330C711291641D300737848 /* MypageViewController.swift */; };
		0330C714291641E300737848 /* CalendarViewController.swift in Sources */ = {isa = PBXBuildFile; fileRef = 0330C713291641E300737848 /* CalendarViewController.swift */; };
		0330C7192916464300737848 /* Home.storyboard in Resources */ = {isa = PBXBuildFile; fileRef = 0330C7172916464200737848 /* Home.storyboard */; };
		0330C71B291646B300737848 /* Calendar.storyboard in Resources */ = {isa = PBXBuildFile; fileRef = 0330C71A291646B300737848 /* Calendar.storyboard */; };
		0330C7202916470D00737848 /* Mypage.storyboard in Resources */ = {isa = PBXBuildFile; fileRef = 0330C71F2916470D00737848 /* Mypage.storyboard */; };
		03322622291E823500856940 /* UIResponder.swift in Sources */ = {isa = PBXBuildFile; fileRef = 03322621291E823500856940 /* UIResponder.swift */; };
		0334090C2917BE1F0005B4C4 /* UIColor.swift in Sources */ = {isa = PBXBuildFile; fileRef = 0334090B2917BE1F0005B4C4 /* UIColor.swift */; };
		03374F4929196122004AB96A /* TitleCell.swift in Sources */ = {isa = PBXBuildFile; fileRef = 03374F4729196122004AB96A /* TitleCell.swift */; };
		03374F4A29196122004AB96A /* TitleCell.xib in Resources */ = {isa = PBXBuildFile; fileRef = 03374F4829196122004AB96A /* TitleCell.xib */; };
		03374F4D291962FC004AB96A /* LyricsCell.swift in Sources */ = {isa = PBXBuildFile; fileRef = 03374F4B291962FC004AB96A /* LyricsCell.swift */; };
		03374F4E291962FC004AB96A /* LyricsCell.xib in Resources */ = {isa = PBXBuildFile; fileRef = 03374F4C291962FC004AB96A /* LyricsCell.xib */; };
		03374F5129196441004AB96A /* SaveCell.swift in Sources */ = {isa = PBXBuildFile; fileRef = 03374F4F29196441004AB96A /* SaveCell.swift */; };
		03374F5229196441004AB96A /* SaveCell.xib in Resources */ = {isa = PBXBuildFile; fileRef = 03374F5029196441004AB96A /* SaveCell.xib */; };
		033DE61B292C456D006CB604 /* TodayCDViewController.storyboard in Resources */ = {isa = PBXBuildFile; fileRef = 033DE619292C456D006CB604 /* TodayCDViewController.storyboard */; };
		033DE61C292C456D006CB604 /* TodayCDViewController.swift in Sources */ = {isa = PBXBuildFile; fileRef = 033DE61A292C456D006CB604 /* TodayCDViewController.swift */; };
		033DE61E292C46EC006CB604 /* LoginViewController.swift in Sources */ = {isa = PBXBuildFile; fileRef = 033DE61D292C46EC006CB604 /* LoginViewController.swift */; };
		033DE620292C5687006CB604 /* UserInfo.swift in Sources */ = {isa = PBXBuildFile; fileRef = 033DE61F292C5687006CB604 /* UserInfo.swift */; };
		0345B785292CD6CD006E93AD /* Kakao.swift in Sources */ = {isa = PBXBuildFile; fileRef = 0345B784292CD6CD006E93AD /* Kakao.swift */; };
		0360CEE0292D528500729EF9 /* LyricsTableViewCell.xib in Resources */ = {isa = PBXBuildFile; fileRef = 0360CEDB292D528500729EF9 /* LyricsTableViewCell.xib */; };
		0360CEE1292D528500729EF9 /* LyricsTableViewCell.swift in Sources */ = {isa = PBXBuildFile; fileRef = 0360CEDC292D528500729EF9 /* LyricsTableViewCell.swift */; };
		0360CEE2292D528500729EF9 /* LyricsList.storyboard in Resources */ = {isa = PBXBuildFile; fileRef = 0360CEDD292D528500729EF9 /* LyricsList.storyboard */; };
		0360CEE3292D528500729EF9 /* LyricsListViewController.swift in Sources */ = {isa = PBXBuildFile; fileRef = 0360CEDE292D528500729EF9 /* LyricsListViewController.swift */; };
		0360CEE4292D528500729EF9 /* MockStrings.swift in Sources */ = {isa = PBXBuildFile; fileRef = 0360CEDF292D528500729EF9 /* MockStrings.swift */; };
		0360CEE8292D543C00729EF9 /* ImoticonViewController.swift in Sources */ = {isa = PBXBuildFile; fileRef = 0360CEE6292D543C00729EF9 /* ImoticonViewController.swift */; };
		0360CEE9292D543C00729EF9 /* Imoticon.storyboard in Resources */ = {isa = PBXBuildFile; fileRef = 0360CEE7292D543C00729EF9 /* Imoticon.storyboard */; };
		0370F0BE292F0FE6004206BA /* PostsByEmoji.swift in Sources */ = {isa = PBXBuildFile; fileRef = 0370F0BD292F0FE6004206BA /* PostsByEmoji.swift */; };
		0370F0C0292F1127004206BA /* GetPostsByEmoji.swift in Sources */ = {isa = PBXBuildFile; fileRef = 0370F0BF292F1127004206BA /* GetPostsByEmoji.swift */; };
		0370F0C2292F4461004206BA /* SearchTrack.swift in Sources */ = {isa = PBXBuildFile; fileRef = 0370F0C1292F4461004206BA /* SearchTrack.swift */; };
		0370F0C4292F44BB004206BA /* GetTrack.swift in Sources */ = {isa = PBXBuildFile; fileRef = 0370F0C3292F44BB004206BA /* GetTrack.swift */; };
		037DD25E2927A3D60078DD77 /* SliderCell.swift in Sources */ = {isa = PBXBuildFile; fileRef = 037DD25D2927A3D60078DD77 /* SliderCell.swift */; };
		037DD2602927AC1A0078DD77 /* EmotionSlider.swift in Sources */ = {isa = PBXBuildFile; fileRef = 037DD25F2927AC1A0078DD77 /* EmotionSlider.swift */; };
		03954B29292A65CC00C006C8 /* CDStorage.swift in Sources */ = {isa = PBXBuildFile; fileRef = 03954B28292A65CC00C006C8 /* CDStorage.swift */; };
		03954B2B292B06F900C006C8 /* sameCell.swift in Sources */ = {isa = PBXBuildFile; fileRef = 03954B2A292B06F900C006C8 /* sameCell.swift */; };
		03954B2D292B206B00C006C8 /* diffCell.swift in Sources */ = {isa = PBXBuildFile; fileRef = 03954B2C292B206B00C006C8 /* diffCell.swift */; };
		03971D872914E867007C6659 /* AppDelegate.swift in Sources */ = {isa = PBXBuildFile; fileRef = 03971D862914E867007C6659 /* AppDelegate.swift */; };
		03971D892914E867007C6659 /* SceneDelegate.swift in Sources */ = {isa = PBXBuildFile; fileRef = 03971D882914E867007C6659 /* SceneDelegate.swift */; };
		03971D8E2914E867007C6659 /* Main.storyboard in Resources */ = {isa = PBXBuildFile; fileRef = 03971D8C2914E867007C6659 /* Main.storyboard */; };
		03971D902914E868007C6659 /* Assets.xcassets in Resources */ = {isa = PBXBuildFile; fileRef = 03971D8F2914E868007C6659 /* Assets.xcassets */; };
		03971D932914E868007C6659 /* LaunchScreen.storyboard in Resources */ = {isa = PBXBuildFile; fileRef = 03971D912914E868007C6659 /* LaunchScreen.storyboard */; };
		0399D918292E860E005F0D8B /* AnimationViewController.swift in Sources */ = {isa = PBXBuildFile; fileRef = 0399D917292E860E005F0D8B /* AnimationViewController.swift */; };
		0399D91C292E8652005F0D8B /* Animation.storyboard in Resources */ = {isa = PBXBuildFile; fileRef = 0399D91B292E8652005F0D8B /* Animation.storyboard */; };
		0399D91E292E98D5005F0D8B /* PostsBySong.swift in Sources */ = {isa = PBXBuildFile; fileRef = 0399D91D292E98D5005F0D8B /* PostsBySong.swift */; };
		0399D920292E9AFA005F0D8B /* GetPostsBySong.swift in Sources */ = {isa = PBXBuildFile; fileRef = 0399D91F292E9AFA005F0D8B /* GetPostsBySong.swift */; };
		03A1CCC62915FED600901B7A /* MainTabBarController.swift in Sources */ = {isa = PBXBuildFile; fileRef = 03A1CCC52915FED600901B7A /* MainTabBarController.swift */; };
		03A1CCC82916003A00901B7A /* MainNavigationController.swift in Sources */ = {isa = PBXBuildFile; fileRef = 03A1CCC72916003A00901B7A /* MainNavigationController.swift */; };
		03A1CCEB29160AE400901B7A /* CustomBarItem.swift in Sources */ = {isa = PBXBuildFile; fileRef = 03A1CCEA29160AE400901B7A /* CustomBarItem.swift */; };
		03AE8B232928A28B0018433E /* Storage.storyboard in Resources */ = {isa = PBXBuildFile; fileRef = 03AE8B212928A28B0018433E /* Storage.storyboard */; };
		03AE8B262928A3F00018433E /* Music.storyboard in Resources */ = {isa = PBXBuildFile; fileRef = 03AE8B252928A3F00018433E /* Music.storyboard */; };
		03AE8B282928A3FA0018433E /* MusicViewController.swift in Sources */ = {isa = PBXBuildFile; fileRef = 03AE8B272928A3FA0018433E /* MusicViewController.swift */; };
		03AEE15C292A4157003117B4 /* GoogleService-Info.plist in Resources */ = {isa = PBXBuildFile; fileRef = 03AEE15B292A4157003117B4 /* GoogleService-Info.plist */; };
		03BD38BD291E7D8E0089DBA7 /* PictureCell.swift in Sources */ = {isa = PBXBuildFile; fileRef = 03BD38BB291E7D8E0089DBA7 /* PictureCell.swift */; };
		03BD38BE291E7D8E0089DBA7 /* PictureCell.xib in Resources */ = {isa = PBXBuildFile; fileRef = 03BD38BC291E7D8E0089DBA7 /* PictureCell.xib */; };
		03C0E0B029179D5E00C80331 /* TodayMeViewController.swift in Sources */ = {isa = PBXBuildFile; fileRef = 03C0E0AF29179D5E00C80331 /* TodayMeViewController.swift */; };
		03C6A031292C3EF400B651E6 /* Login.storyboard in Resources */ = {isa = PBXBuildFile; fileRef = 03C6A030292C3EF400B651E6 /* Login.storyboard */; };
		03C73404291EAC1B00F8B959 /* TextCell.swift in Sources */ = {isa = PBXBuildFile; fileRef = 03C73402291EAC1B00F8B959 /* TextCell.swift */; };
		03C73405291EAC1B00F8B959 /* TextCell.xib in Resources */ = {isa = PBXBuildFile; fileRef = 03C73403291EAC1B00F8B959 /* TextCell.xib */; };
		03CD707C292B8B08002BD2C2 /* PostImage.swift in Sources */ = {isa = PBXBuildFile; fileRef = 03CD707B292B8B08002BD2C2 /* PostImage.swift */; };
		03D41FE4292E5CDC0016E630 /* ByEmo.swift in Sources */ = {isa = PBXBuildFile; fileRef = 03D41FE3292E5CDC0016E630 /* ByEmo.swift */; };
		03E52C38292474D300E0F33C /* MapViewController.swift in Sources */ = {isa = PBXBuildFile; fileRef = 03E52C37292474D300E0F33C /* MapViewController.swift */; };
		03EC79A42922235D002D88EC /* TodayMe.storyboard in Resources */ = {isa = PBXBuildFile; fileRef = 03EC79A32922235D002D88EC /* TodayMe.storyboard */; };
		03EF5C80292FA3AF0001F900 /* UIFont+Extension.swift in Sources */ = {isa = PBXBuildFile; fileRef = 03EF5C7B292FA3AE0001F900 /* UIFont+Extension.swift */; };
		03EF5C81292FA3AF0001F900 /* UIBezierPath+Extension.swift in Sources */ = {isa = PBXBuildFile; fileRef = 03EF5C7C292FA3AE0001F900 /* UIBezierPath+Extension.swift */; };
		03EF5C82292FA3AF0001F900 /* UIView+Extention.swift in Sources */ = {isa = PBXBuildFile; fileRef = 03EF5C7D292FA3AE0001F900 /* UIView+Extention.swift */; };
		03EF5C83292FA3AF0001F900 /* UIColor+Extension.swift in Sources */ = {isa = PBXBuildFile; fileRef = 03EF5C7E292FA3AF0001F900 /* UIColor+Extension.swift */; };
		03EF5C84292FA3AF0001F900 /* UITextField+Extension.swift in Sources */ = {isa = PBXBuildFile; fileRef = 03EF5C7F292FA3AF0001F900 /* UITextField+Extension.swift */; };
		03EF5C86292FA5220001F900 /* HomeViewController.swift in Sources */ = {isa = PBXBuildFile; fileRef = 03EF5C85292FA5220001F900 /* HomeViewController.swift */; };
		03EF5C91292FB6640001F900 /* FirstCell.swift in Sources */ = {isa = PBXBuildFile; fileRef = 03EF5C8F292FB6640001F900 /* FirstCell.swift */; };
		03EF5C92292FB6640001F900 /* FirstCell.xib in Resources */ = {isa = PBXBuildFile; fileRef = 03EF5C90292FB6640001F900 /* FirstCell.xib */; };
		03EF5C95292FBBB70001F900 /* PrevCell.swift in Sources */ = {isa = PBXBuildFile; fileRef = 03EF5C93292FBBB70001F900 /* PrevCell.swift */; };
		03EF5C96292FBBB70001F900 /* PrevCell.xib in Resources */ = {isa = PBXBuildFile; fileRef = 03EF5C94292FBBB70001F900 /* PrevCell.xib */; };
		03EF5C99292FE4AF0001F900 /* TodayCell.swift in Sources */ = {isa = PBXBuildFile; fileRef = 03EF5C97292FE4AF0001F900 /* TodayCell.swift */; };
		03EF5C9A292FE4AF0001F900 /* TodayCell.xib in Resources */ = {isa = PBXBuildFile; fileRef = 03EF5C98292FE4AF0001F900 /* TodayCell.xib */; };
		03EF5C9D292FE8300001F900 /* RecommendCell.swift in Sources */ = {isa = PBXBuildFile; fileRef = 03EF5C9B292FE8300001F900 /* RecommendCell.swift */; };
		03EF5C9E292FE8300001F900 /* RecommendCell.xib in Resources */ = {isa = PBXBuildFile; fileRef = 03EF5C9C292FE8300001F900 /* RecommendCell.xib */; };
		03F0E57D291A2F940023BAEB /* Record.storyboard in Resources */ = {isa = PBXBuildFile; fileRef = 03F0E57C291A2F940023BAEB /* Record.storyboard */; };
		03F0E57F291A2FD30023BAEB /* RecordModalController.swift in Sources */ = {isa = PBXBuildFile; fileRef = 03F0E57E291A2FD30023BAEB /* RecordModalController.swift */; };
		03F0E584291A36320023BAEB /* SeasonCell.swift in Sources */ = {isa = PBXBuildFile; fileRef = 03F0E582291A36320023BAEB /* SeasonCell.swift */; };
		03F0E585291A36320023BAEB /* SeasonCell.xib in Resources */ = {isa = PBXBuildFile; fileRef = 03F0E583291A36320023BAEB /* SeasonCell.xib */; };
		03F0E588291A40BD0023BAEB /* DateCell.swift in Sources */ = {isa = PBXBuildFile; fileRef = 03F0E586291A40BD0023BAEB /* DateCell.swift */; };
		03F0E589291A40BD0023BAEB /* DateCell.xib in Resources */ = {isa = PBXBuildFile; fileRef = 03F0E587291A40BD0023BAEB /* DateCell.xib */; };
		03F0E58C291A44F20023BAEB /* WeatherCell.swift in Sources */ = {isa = PBXBuildFile; fileRef = 03F0E58A291A44F20023BAEB /* WeatherCell.swift */; };
		03F0E58D291A44F20023BAEB /* WeatherCell.xib in Resources */ = {isa = PBXBuildFile; fileRef = 03F0E58B291A44F20023BAEB /* WeatherCell.xib */; };
		03F0E590291A47660023BAEB /* FriendCell.swift in Sources */ = {isa = PBXBuildFile; fileRef = 03F0E58E291A47660023BAEB /* FriendCell.swift */; };
		03F0E591291A47660023BAEB /* FriendCell.xib in Resources */ = {isa = PBXBuildFile; fileRef = 03F0E58F291A47660023BAEB /* FriendCell.xib */; };
		03F0E594291A48A80023BAEB /* PlaceCell.swift in Sources */ = {isa = PBXBuildFile; fileRef = 03F0E592291A48A80023BAEB /* PlaceCell.swift */; };
		03F0E595291A48A80023BAEB /* PlaceCell.xib in Resources */ = {isa = PBXBuildFile; fileRef = 03F0E593291A48A80023BAEB /* PlaceCell.xib */; };
		03F9EB222918C8260095C7CF /* Lyrics.storyboard in Resources */ = {isa = PBXBuildFile; fileRef = 03F9EB212918C8260095C7CF /* Lyrics.storyboard */; };
		03F9EB242918CE430095C7CF /* CALayer.swift in Sources */ = {isa = PBXBuildFile; fileRef = 03F9EB232918CE430095C7CF /* CALayer.swift */; };
		03F9EB292918F97F0095C7CF /* PanModal in Frameworks */ = {isa = PBXBuildFile; productRef = 03F9EB282918F97F0095C7CF /* PanModal */; };
		03F9EB2B291900900095C7CF /* LyricsModalController.swift in Sources */ = {isa = PBXBuildFile; fileRef = 03F9EB2A291900900095C7CF /* LyricsModalController.swift */; };
		03FD3DBA291F46F200E154B2 /* PrevmeRecord.swift in Sources */ = {isa = PBXBuildFile; fileRef = 03FD3DB9291F46F200E154B2 /* PrevmeRecord.swift */; };
		D1CCE25E0C5420E5EB5EE757 /* Pods_Bring.framework in Frameworks */ = {isa = PBXBuildFile; fileRef = 1C48529E665DC2CEC4B1039E /* Pods_Bring.framework */; };
/* End PBXBuildFile section */

/* Begin PBXFileReference section */
		03007DB3292C8C8000227727 /* EmojiViewController.swift */ = {isa = PBXFileReference; lastKnownFileType = sourcecode.swift; name = EmojiViewController.swift; path = Bring/Mypage/EmojiViewController.swift; sourceTree = SOURCE_ROOT; };
		03007DB5292C8C8800227727 /* Emoji.storyboard */ = {isa = PBXFileReference; lastKnownFileType = file.storyboard; path = Emoji.storyboard; sourceTree = "<group>"; };
		03007DB7292C9A6A00227727 /* MusicCell.swift */ = {isa = PBXFileReference; lastKnownFileType = sourcecode.swift; path = MusicCell.swift; sourceTree = "<group>"; };
		03140F90291F1FFC0090B78C /* SearchCell.swift */ = {isa = PBXFileReference; lastKnownFileType = sourcecode.swift; path = SearchCell.swift; sourceTree = "<group>"; };
		03140F91291F1FFC0090B78C /* SearchCell.xib */ = {isa = PBXFileReference; lastKnownFileType = file.xib; path = SearchCell.xib; sourceTree = "<group>"; };
		0319836A292D3DD8009B1050 /* CalenderBean.swift */ = {isa = PBXFileReference; lastKnownFileType = sourcecode.swift; path = CalenderBean.swift; sourceTree = "<group>"; };
		0319836C292D3E2B009B1050 /* CalenderDetailBean.swift */ = {isa = PBXFileReference; lastKnownFileType = sourcecode.swift; path = CalenderDetailBean.swift; sourceTree = "<group>"; };
		0319836E292D3E49009B1050 /* QuestionBean.swift */ = {isa = PBXFileReference; lastKnownFileType = sourcecode.swift; path = QuestionBean.swift; sourceTree = "<group>"; };
		03198370292D3E5A009B1050 /* VideoBean.swift */ = {isa = PBXFileReference; lastKnownFileType = sourcecode.swift; path = VideoBean.swift; sourceTree = "<group>"; };
		03198372292D3EBD009B1050 /* WebModel.swift */ = {isa = PBXFileReference; lastKnownFileType = sourcecode.swift; path = WebModel.swift; sourceTree = "<group>"; };
		03198375292D3EDB009B1050 /* WebService.swift */ = {isa = PBXFileReference; lastKnownFileType = sourcecode.swift; path = WebService.swift; sourceTree = "<group>"; };
		03198378292D3FB6009B1050 /* HttpWrapper.swift */ = {isa = PBXFileReference; lastKnownFileType = sourcecode.swift; path = HttpWrapper.swift; sourceTree = "<group>"; };
		0319837A292D3FC8009B1050 /* JSONUtil.swift */ = {isa = PBXFileReference; lastKnownFileType = sourcecode.swift; path = JSONUtil.swift; sourceTree = "<group>"; };
		0319837C292D4029009B1050 /* Detail.storyboard */ = {isa = PBXFileReference; lastKnownFileType = file.storyboard; path = Detail.storyboard; sourceTree = "<group>"; };
		0319837E292D403C009B1050 /* DetailViewController.swift */ = {isa = PBXFileReference; lastKnownFileType = sourcecode.swift; path = DetailViewController.swift; sourceTree = "<group>"; };
		03198380292D45A8009B1050 /* DLogUtil.swift */ = {isa = PBXFileReference; lastKnownFileType = sourcecode.swift; path = DLogUtil.swift; sourceTree = "<group>"; };
		03198382292D477A009B1050 /* DateExtension.swift */ = {isa = PBXFileReference; lastKnownFileType = sourcecode.swift; path = DateExtension.swift; sourceTree = "<group>"; };
		03198384292D47D1009B1050 /* UIImageExtension.swift */ = {isa = PBXFileReference; lastKnownFileType = sourcecode.swift; path = UIImageExtension.swift; sourceTree = "<group>"; };
		03198386292D47E2009B1050 /* UIViewExtension.swift */ = {isa = PBXFileReference; lastKnownFileType = sourcecode.swift; path = UIViewExtension.swift; sourceTree = "<group>"; };
		03198389292D484E009B1050 /* Constant.swift */ = {isa = PBXFileReference; lastKnownFileType = sourcecode.swift; path = Constant.swift; sourceTree = "<group>"; };
		0329FBE32924F07200A1F982 /* Base */ = {isa = PBXFileReference; lastKnownFileType = file.storyboard; name = Base; path = Base.lproj/Map.storyboard; sourceTree = "<group>"; };
		0330C70F291641B500737848 /* StorageViewController.swift */ = {isa = PBXFileReference; lastKnownFileType = sourcecode.swift; path = StorageViewController.swift; sourceTree = "<group>"; };
		0330C711291641D300737848 /* MypageViewController.swift */ = {isa = PBXFileReference; lastKnownFileType = sourcecode.swift; path = MypageViewController.swift; sourceTree = "<group>"; };
		0330C713291641E300737848 /* CalendarViewController.swift */ = {isa = PBXFileReference; lastKnownFileType = sourcecode.swift; path = CalendarViewController.swift; sourceTree = "<group>"; };
		0330C7182916464200737848 /* Base */ = {isa = PBXFileReference; lastKnownFileType = file.storyboard; name = Base; path = Bring/Views/Base.lproj/Home.storyboard; sourceTree = SOURCE_ROOT; };
		0330C71A291646B300737848 /* Calendar.storyboard */ = {isa = PBXFileReference; fileEncoding = 4; lastKnownFileType = file.storyboard; path = Calendar.storyboard; sourceTree = SOURCE_ROOT; };
		0330C71F2916470D00737848 /* Mypage.storyboard */ = {isa = PBXFileReference; fileEncoding = 4; lastKnownFileType = file.storyboard; path = Mypage.storyboard; sourceTree = SOURCE_ROOT; };
		03322621291E823500856940 /* UIResponder.swift */ = {isa = PBXFileReference; lastKnownFileType = sourcecode.swift; path = UIResponder.swift; sourceTree = "<group>"; };
		0334090B2917BE1F0005B4C4 /* UIColor.swift */ = {isa = PBXFileReference; lastKnownFileType = sourcecode.swift; path = UIColor.swift; sourceTree = "<group>"; };
		03374F4729196122004AB96A /* TitleCell.swift */ = {isa = PBXFileReference; lastKnownFileType = sourcecode.swift; path = TitleCell.swift; sourceTree = "<group>"; };
		03374F4829196122004AB96A /* TitleCell.xib */ = {isa = PBXFileReference; lastKnownFileType = file.xib; path = TitleCell.xib; sourceTree = "<group>"; };
		03374F4B291962FC004AB96A /* LyricsCell.swift */ = {isa = PBXFileReference; lastKnownFileType = sourcecode.swift; path = LyricsCell.swift; sourceTree = "<group>"; };
		03374F4C291962FC004AB96A /* LyricsCell.xib */ = {isa = PBXFileReference; lastKnownFileType = file.xib; path = LyricsCell.xib; sourceTree = "<group>"; };
		03374F4F29196441004AB96A /* SaveCell.swift */ = {isa = PBXFileReference; lastKnownFileType = sourcecode.swift; path = SaveCell.swift; sourceTree = "<group>"; };
		03374F5029196441004AB96A /* SaveCell.xib */ = {isa = PBXFileReference; lastKnownFileType = file.xib; path = SaveCell.xib; sourceTree = "<group>"; };
		033DE619292C456D006CB604 /* TodayCDViewController.storyboard */ = {isa = PBXFileReference; fileEncoding = 4; lastKnownFileType = file.storyboard; path = TodayCDViewController.storyboard; sourceTree = "<group>"; };
		033DE61A292C456D006CB604 /* TodayCDViewController.swift */ = {isa = PBXFileReference; fileEncoding = 4; lastKnownFileType = sourcecode.swift; path = TodayCDViewController.swift; sourceTree = "<group>"; };
		033DE61D292C46EC006CB604 /* LoginViewController.swift */ = {isa = PBXFileReference; lastKnownFileType = sourcecode.swift; path = LoginViewController.swift; sourceTree = "<group>"; };
		033DE61F292C5687006CB604 /* UserInfo.swift */ = {isa = PBXFileReference; lastKnownFileType = sourcecode.swift; path = UserInfo.swift; sourceTree = "<group>"; };
		0345B784292CD6CD006E93AD /* Kakao.swift */ = {isa = PBXFileReference; lastKnownFileType = sourcecode.swift; path = Kakao.swift; sourceTree = "<group>"; };
		0360CEDB292D528500729EF9 /* LyricsTableViewCell.xib */ = {isa = PBXFileReference; fileEncoding = 4; lastKnownFileType = file.xib; path = LyricsTableViewCell.xib; sourceTree = "<group>"; };
		0360CEDC292D528500729EF9 /* LyricsTableViewCell.swift */ = {isa = PBXFileReference; fileEncoding = 4; lastKnownFileType = sourcecode.swift; path = LyricsTableViewCell.swift; sourceTree = "<group>"; };
		0360CEDD292D528500729EF9 /* LyricsList.storyboard */ = {isa = PBXFileReference; fileEncoding = 4; lastKnownFileType = file.storyboard; path = LyricsList.storyboard; sourceTree = "<group>"; };
		0360CEDE292D528500729EF9 /* LyricsListViewController.swift */ = {isa = PBXFileReference; fileEncoding = 4; lastKnownFileType = sourcecode.swift; path = LyricsListViewController.swift; sourceTree = "<group>"; };
		0360CEDF292D528500729EF9 /* MockStrings.swift */ = {isa = PBXFileReference; fileEncoding = 4; lastKnownFileType = sourcecode.swift; path = MockStrings.swift; sourceTree = "<group>"; };
		0360CEE6292D543C00729EF9 /* ImoticonViewController.swift */ = {isa = PBXFileReference; fileEncoding = 4; lastKnownFileType = sourcecode.swift; path = ImoticonViewController.swift; sourceTree = "<group>"; };
		0360CEE7292D543C00729EF9 /* Imoticon.storyboard */ = {isa = PBXFileReference; fileEncoding = 4; lastKnownFileType = file.storyboard; path = Imoticon.storyboard; sourceTree = "<group>"; };
		0370F0BD292F0FE6004206BA /* PostsByEmoji.swift */ = {isa = PBXFileReference; lastKnownFileType = sourcecode.swift; path = PostsByEmoji.swift; sourceTree = "<group>"; };
		0370F0BF292F1127004206BA /* GetPostsByEmoji.swift */ = {isa = PBXFileReference; lastKnownFileType = sourcecode.swift; path = GetPostsByEmoji.swift; sourceTree = "<group>"; };
		0370F0C1292F4461004206BA /* SearchTrack.swift */ = {isa = PBXFileReference; lastKnownFileType = sourcecode.swift; path = SearchTrack.swift; sourceTree = "<group>"; };
		0370F0C3292F44BB004206BA /* GetTrack.swift */ = {isa = PBXFileReference; lastKnownFileType = sourcecode.swift; path = GetTrack.swift; sourceTree = "<group>"; };
		037DD25D2927A3D60078DD77 /* SliderCell.swift */ = {isa = PBXFileReference; lastKnownFileType = sourcecode.swift; path = SliderCell.swift; sourceTree = "<group>"; };
		037DD25F2927AC1A0078DD77 /* EmotionSlider.swift */ = {isa = PBXFileReference; lastKnownFileType = sourcecode.swift; path = EmotionSlider.swift; sourceTree = "<group>"; };
		03954B28292A65CC00C006C8 /* CDStorage.swift */ = {isa = PBXFileReference; lastKnownFileType = sourcecode.swift; path = CDStorage.swift; sourceTree = "<group>"; };
		03954B2A292B06F900C006C8 /* sameCell.swift */ = {isa = PBXFileReference; lastKnownFileType = sourcecode.swift; path = sameCell.swift; sourceTree = "<group>"; };
		03954B2C292B206B00C006C8 /* diffCell.swift */ = {isa = PBXFileReference; lastKnownFileType = sourcecode.swift; path = diffCell.swift; sourceTree = "<group>"; };
		03971D832914E867007C6659 /* Bring.app */ = {isa = PBXFileReference; explicitFileType = wrapper.application; includeInIndex = 0; path = Bring.app; sourceTree = BUILT_PRODUCTS_DIR; };
		03971D862914E867007C6659 /* AppDelegate.swift */ = {isa = PBXFileReference; lastKnownFileType = sourcecode.swift; path = AppDelegate.swift; sourceTree = "<group>"; };
		03971D882914E867007C6659 /* SceneDelegate.swift */ = {isa = PBXFileReference; lastKnownFileType = sourcecode.swift; path = SceneDelegate.swift; sourceTree = "<group>"; };
		03971D8D2914E867007C6659 /* Base */ = {isa = PBXFileReference; lastKnownFileType = file.storyboard; name = Base; path = Base.lproj/Main.storyboard; sourceTree = "<group>"; };
		03971D8F2914E868007C6659 /* Assets.xcassets */ = {isa = PBXFileReference; lastKnownFileType = folder.assetcatalog; path = Assets.xcassets; sourceTree = "<group>"; };
		03971D922914E868007C6659 /* Base */ = {isa = PBXFileReference; lastKnownFileType = file.storyboard; name = Base; path = Base.lproj/LaunchScreen.storyboard; sourceTree = "<group>"; };
		03971D942914E868007C6659 /* Info.plist */ = {isa = PBXFileReference; lastKnownFileType = text.plist.xml; path = Info.plist; sourceTree = "<group>"; };
		0399D917292E860E005F0D8B /* AnimationViewController.swift */ = {isa = PBXFileReference; lastKnownFileType = sourcecode.swift; path = AnimationViewController.swift; sourceTree = "<group>"; };
		0399D91B292E8652005F0D8B /* Animation.storyboard */ = {isa = PBXFileReference; lastKnownFileType = file.storyboard; path = Animation.storyboard; sourceTree = "<group>"; };
		0399D91D292E98D5005F0D8B /* PostsBySong.swift */ = {isa = PBXFileReference; lastKnownFileType = sourcecode.swift; path = PostsBySong.swift; sourceTree = "<group>"; };
		0399D91F292E9AFA005F0D8B /* GetPostsBySong.swift */ = {isa = PBXFileReference; lastKnownFileType = sourcecode.swift; path = GetPostsBySong.swift; sourceTree = "<group>"; };
		03A1CCC52915FED600901B7A /* MainTabBarController.swift */ = {isa = PBXFileReference; lastKnownFileType = sourcecode.swift; path = MainTabBarController.swift; sourceTree = "<group>"; };
		03A1CCC72916003A00901B7A /* MainNavigationController.swift */ = {isa = PBXFileReference; lastKnownFileType = sourcecode.swift; path = MainNavigationController.swift; sourceTree = "<group>"; };
		03A1CCEA29160AE400901B7A /* CustomBarItem.swift */ = {isa = PBXFileReference; lastKnownFileType = sourcecode.swift; path = CustomBarItem.swift; sourceTree = "<group>"; };
		03AE8B222928A28B0018433E /* Base */ = {isa = PBXFileReference; lastKnownFileType = file.storyboard; name = Base; path = Bring/Views/Base.lproj/Storage.storyboard; sourceTree = "<group>"; };
		03AE8B252928A3F00018433E /* Music.storyboard */ = {isa = PBXFileReference; lastKnownFileType = file.storyboard; path = Music.storyboard; sourceTree = "<group>"; };
		03AE8B272928A3FA0018433E /* MusicViewController.swift */ = {isa = PBXFileReference; lastKnownFileType = sourcecode.swift; path = MusicViewController.swift; sourceTree = "<group>"; };
		03AEE15B292A4157003117B4 /* GoogleService-Info.plist */ = {isa = PBXFileReference; fileEncoding = 4; lastKnownFileType = text.plist.xml; name = "GoogleService-Info.plist"; path = "../../../Downloads/GoogleService-Info.plist"; sourceTree = "<group>"; };
		03BD38BB291E7D8E0089DBA7 /* PictureCell.swift */ = {isa = PBXFileReference; fileEncoding = 4; lastKnownFileType = sourcecode.swift; path = PictureCell.swift; sourceTree = "<group>"; };
		03BD38BC291E7D8E0089DBA7 /* PictureCell.xib */ = {isa = PBXFileReference; fileEncoding = 4; lastKnownFileType = file.xib; path = PictureCell.xib; sourceTree = "<group>"; };
		03C0E0AF29179D5E00C80331 /* TodayMeViewController.swift */ = {isa = PBXFileReference; lastKnownFileType = sourcecode.swift; path = TodayMeViewController.swift; sourceTree = "<group>"; };
		03C6A030292C3EF400B651E6 /* Login.storyboard */ = {isa = PBXFileReference; lastKnownFileType = file.storyboard; path = Login.storyboard; sourceTree = "<group>"; };
		03C73402291EAC1B00F8B959 /* TextCell.swift */ = {isa = PBXFileReference; lastKnownFileType = sourcecode.swift; path = TextCell.swift; sourceTree = "<group>"; };
		03C73403291EAC1B00F8B959 /* TextCell.xib */ = {isa = PBXFileReference; lastKnownFileType = file.xib; path = TextCell.xib; sourceTree = "<group>"; };
		03CD707B292B8B08002BD2C2 /* PostImage.swift */ = {isa = PBXFileReference; lastKnownFileType = sourcecode.swift; path = PostImage.swift; sourceTree = "<group>"; };
		03D41FE3292E5CDC0016E630 /* ByEmo.swift */ = {isa = PBXFileReference; lastKnownFileType = sourcecode.swift; path = ByEmo.swift; sourceTree = "<group>"; };
		03E52C37292474D300E0F33C /* MapViewController.swift */ = {isa = PBXFileReference; lastKnownFileType = sourcecode.swift; path = MapViewController.swift; sourceTree = "<group>"; };
		03EC79A32922235D002D88EC /* TodayMe.storyboard */ = {isa = PBXFileReference; fileEncoding = 4; lastKnownFileType = file.storyboard; path = TodayMe.storyboard; sourceTree = "<group>"; };
		03EF5C7B292FA3AE0001F900 /* UIFont+Extension.swift */ = {isa = PBXFileReference; fileEncoding = 4; lastKnownFileType = sourcecode.swift; name = "UIFont+Extension.swift"; path = "../../../../한국대학생IT경영학회/KusitmsFront_merge/Bring/Bring/Resources/UIFont+Extension.swift"; sourceTree = "<group>"; };
		03EF5C7C292FA3AE0001F900 /* UIBezierPath+Extension.swift */ = {isa = PBXFileReference; fileEncoding = 4; lastKnownFileType = sourcecode.swift; name = "UIBezierPath+Extension.swift"; path = "../../../../한국대학생IT경영학회/KusitmsFront_merge/Bring/Bring/Resources/UIBezierPath+Extension.swift"; sourceTree = "<group>"; };
		03EF5C7D292FA3AE0001F900 /* UIView+Extention.swift */ = {isa = PBXFileReference; fileEncoding = 4; lastKnownFileType = sourcecode.swift; name = "UIView+Extention.swift"; path = "../../../../한국대학생IT경영학회/KusitmsFront_merge/Bring/Bring/Resources/UIView+Extention.swift"; sourceTree = "<group>"; };
		03EF5C7E292FA3AF0001F900 /* UIColor+Extension.swift */ = {isa = PBXFileReference; fileEncoding = 4; lastKnownFileType = sourcecode.swift; name = "UIColor+Extension.swift"; path = "../../../../한국대학생IT경영학회/KusitmsFront_merge/Bring/Bring/Resources/UIColor+Extension.swift"; sourceTree = "<group>"; };
		03EF5C7F292FA3AF0001F900 /* UITextField+Extension.swift */ = {isa = PBXFileReference; fileEncoding = 4; lastKnownFileType = sourcecode.swift; name = "UITextField+Extension.swift"; path = "../../../../한국대학생IT경영학회/KusitmsFront_merge/Bring/Bring/Resources/UITextField+Extension.swift"; sourceTree = "<group>"; };
		03EF5C85292FA5220001F900 /* HomeViewController.swift */ = {isa = PBXFileReference; fileEncoding = 4; lastKnownFileType = sourcecode.swift; name = HomeViewController.swift; path = "../../../../한국대학생IT경영학회/HomeViewController.swift"; sourceTree = "<group>"; };
		03EF5C8F292FB6640001F900 /* FirstCell.swift */ = {isa = PBXFileReference; lastKnownFileType = sourcecode.swift; path = FirstCell.swift; sourceTree = "<group>"; };
		03EF5C90292FB6640001F900 /* FirstCell.xib */ = {isa = PBXFileReference; lastKnownFileType = file.xib; path = FirstCell.xib; sourceTree = "<group>"; };
		03EF5C93292FBBB70001F900 /* PrevCell.swift */ = {isa = PBXFileReference; lastKnownFileType = sourcecode.swift; path = PrevCell.swift; sourceTree = "<group>"; };
		03EF5C94292FBBB70001F900 /* PrevCell.xib */ = {isa = PBXFileReference; lastKnownFileType = file.xib; path = PrevCell.xib; sourceTree = "<group>"; };
		03EF5C97292FE4AF0001F900 /* TodayCell.swift */ = {isa = PBXFileReference; lastKnownFileType = sourcecode.swift; path = TodayCell.swift; sourceTree = "<group>"; };
		03EF5C98292FE4AF0001F900 /* TodayCell.xib */ = {isa = PBXFileReference; lastKnownFileType = file.xib; path = TodayCell.xib; sourceTree = "<group>"; };
		03EF5C9B292FE8300001F900 /* RecommendCell.swift */ = {isa = PBXFileReference; lastKnownFileType = sourcecode.swift; path = RecommendCell.swift; sourceTree = "<group>"; };
		03EF5C9C292FE8300001F900 /* RecommendCell.xib */ = {isa = PBXFileReference; lastKnownFileType = file.xib; path = RecommendCell.xib; sourceTree = "<group>"; };
		03F0E57C291A2F940023BAEB /* Record.storyboard */ = {isa = PBXFileReference; lastKnownFileType = file.storyboard; path = Record.storyboard; sourceTree = "<group>"; };
		03F0E57E291A2FD30023BAEB /* RecordModalController.swift */ = {isa = PBXFileReference; lastKnownFileType = sourcecode.swift; path = RecordModalController.swift; sourceTree = "<group>"; };
		03F0E582291A36320023BAEB /* SeasonCell.swift */ = {isa = PBXFileReference; lastKnownFileType = sourcecode.swift; path = SeasonCell.swift; sourceTree = "<group>"; };
		03F0E583291A36320023BAEB /* SeasonCell.xib */ = {isa = PBXFileReference; lastKnownFileType = file.xib; path = SeasonCell.xib; sourceTree = "<group>"; };
		03F0E586291A40BD0023BAEB /* DateCell.swift */ = {isa = PBXFileReference; lastKnownFileType = sourcecode.swift; path = DateCell.swift; sourceTree = "<group>"; };
		03F0E587291A40BD0023BAEB /* DateCell.xib */ = {isa = PBXFileReference; lastKnownFileType = file.xib; path = DateCell.xib; sourceTree = "<group>"; };
		03F0E58A291A44F20023BAEB /* WeatherCell.swift */ = {isa = PBXFileReference; lastKnownFileType = sourcecode.swift; path = WeatherCell.swift; sourceTree = "<group>"; };
		03F0E58B291A44F20023BAEB /* WeatherCell.xib */ = {isa = PBXFileReference; lastKnownFileType = file.xib; path = WeatherCell.xib; sourceTree = "<group>"; };
		03F0E58E291A47660023BAEB /* FriendCell.swift */ = {isa = PBXFileReference; lastKnownFileType = sourcecode.swift; path = FriendCell.swift; sourceTree = "<group>"; };
		03F0E58F291A47660023BAEB /* FriendCell.xib */ = {isa = PBXFileReference; lastKnownFileType = file.xib; path = FriendCell.xib; sourceTree = "<group>"; };
		03F0E592291A48A80023BAEB /* PlaceCell.swift */ = {isa = PBXFileReference; lastKnownFileType = sourcecode.swift; path = PlaceCell.swift; sourceTree = "<group>"; };
		03F0E593291A48A80023BAEB /* PlaceCell.xib */ = {isa = PBXFileReference; lastKnownFileType = file.xib; path = PlaceCell.xib; sourceTree = "<group>"; };
		03F9EB212918C8260095C7CF /* Lyrics.storyboard */ = {isa = PBXFileReference; lastKnownFileType = file.storyboard; path = Lyrics.storyboard; sourceTree = "<group>"; };
		03F9EB232918CE430095C7CF /* CALayer.swift */ = {isa = PBXFileReference; lastKnownFileType = sourcecode.swift; path = CALayer.swift; sourceTree = "<group>"; };
		03F9EB2A291900900095C7CF /* LyricsModalController.swift */ = {isa = PBXFileReference; lastKnownFileType = sourcecode.swift; path = LyricsModalController.swift; sourceTree = "<group>"; };
		03FD3DB9291F46F200E154B2 /* PrevmeRecord.swift */ = {isa = PBXFileReference; lastKnownFileType = sourcecode.swift; path = PrevmeRecord.swift; sourceTree = "<group>"; };
		1C48529E665DC2CEC4B1039E /* Pods_Bring.framework */ = {isa = PBXFileReference; explicitFileType = wrapper.framework; includeInIndex = 0; path = Pods_Bring.framework; sourceTree = BUILT_PRODUCTS_DIR; };
		37F2EA694AAAB46FA3A2C1B0 /* Pods-Bring.release.xcconfig */ = {isa = PBXFileReference; includeInIndex = 1; lastKnownFileType = text.xcconfig; name = "Pods-Bring.release.xcconfig"; path = "Target Support Files/Pods-Bring/Pods-Bring.release.xcconfig"; sourceTree = "<group>"; };
		8262974692D337AB8224E970 /* Pods-Bring.debug.xcconfig */ = {isa = PBXFileReference; includeInIndex = 1; lastKnownFileType = text.xcconfig; name = "Pods-Bring.debug.xcconfig"; path = "Target Support Files/Pods-Bring/Pods-Bring.debug.xcconfig"; sourceTree = "<group>"; };
/* End PBXFileReference section */

/* Begin PBXFrameworksBuildPhase section */
		03971D802914E867007C6659 /* Frameworks */ = {
			isa = PBXFrameworksBuildPhase;
			buildActionMask = 2147483647;
			files = (
				03F9EB292918F97F0095C7CF /* PanModal in Frameworks */,
				D1CCE25E0C5420E5EB5EE757 /* Pods_Bring.framework in Frameworks */,
			);
			runOnlyForDeploymentPostprocessing = 0;
		};
/* End PBXFrameworksBuildPhase section */

/* Begin PBXGroup section */
		03007DB2292C8C6F00227727 /* Emoji */ = {
			isa = PBXGroup;
			children = (
				03007DB3292C8C8000227727 /* EmojiViewController.swift */,
				03007DB5292C8C8800227727 /* Emoji.storyboard */,
				03007DB7292C9A6A00227727 /* MusicCell.swift */,
			);
			path = Emoji;
			sourceTree = "<group>";
		};
		03140F8E291F1FCF0090B78C /* RecordModal */ = {
			isa = PBXGroup;
			children = (
				03F0E57C291A2F940023BAEB /* Record.storyboard */,
				03F0E57E291A2FD30023BAEB /* RecordModalController.swift */,
			);
			path = RecordModal;
			sourceTree = "<group>";
		};
		03140F8F291F1FE00090B78C /* SearchBar */ = {
			isa = PBXGroup;
			children = (
				03140F90291F1FFC0090B78C /* SearchCell.swift */,
				03140F91291F1FFC0090B78C /* SearchCell.xib */,
			);
			path = SearchBar;
			sourceTree = "<group>";
		};
		03198369292D3DA8009B1050 /* Bean */ = {
			isa = PBXGroup;
			children = (
				0319836A292D3DD8009B1050 /* CalenderBean.swift */,
				0319836C292D3E2B009B1050 /* CalenderDetailBean.swift */,
				0319836E292D3E49009B1050 /* QuestionBean.swift */,
				03198370292D3E5A009B1050 /* VideoBean.swift */,
			);
			path = Bean;
			sourceTree = "<group>";
		};
		03198374292D3ECD009B1050 /* Service */ = {
			isa = PBXGroup;
			children = (
				03198375292D3EDB009B1050 /* WebService.swift */,
			);
			path = Service;
			sourceTree = "<group>";
		};
		03198377292D3F9E009B1050 /* Util */ = {
			isa = PBXGroup;
			children = (
				03198378292D3FB6009B1050 /* HttpWrapper.swift */,
				0319837A292D3FC8009B1050 /* JSONUtil.swift */,
				03198380292D45A8009B1050 /* DLogUtil.swift */,
			);
			path = Util;
			sourceTree = "<group>";
		};
		03198388292D4840009B1050 /* Constant */ = {
			isa = PBXGroup;
			children = (
				03198389292D484E009B1050 /* Constant.swift */,
			);
			path = Constant;
			sourceTree = "<group>";
		};
		0334090A2917BE0F0005B4C4 /* Extensions */ = {
			isa = PBXGroup;
			children = (
				03EF5C7C292FA3AE0001F900 /* UIBezierPath+Extension.swift */,
				03EF5C7E292FA3AF0001F900 /* UIColor+Extension.swift */,
				03EF5C7F292FA3AF0001F900 /* UITextField+Extension.swift */,
				03EF5C7B292FA3AE0001F900 /* UIFont+Extension.swift */,
				03EF5C7D292FA3AE0001F900 /* UIView+Extention.swift */,
				0334090B2917BE1F0005B4C4 /* UIColor.swift */,
				03F9EB232918CE430095C7CF /* CALayer.swift */,
				03322621291E823500856940 /* UIResponder.swift */,
				03198382292D477A009B1050 /* DateExtension.swift */,
				03198384292D47D1009B1050 /* UIImageExtension.swift */,
				03198386292D47E2009B1050 /* UIViewExtension.swift */,
			);
			name = Extensions;
			sourceTree = "<group>";
		};
		034D3385291E7C3900290691 /* PictureCell */ = {
			isa = PBXGroup;
			children = (
				03BD38BB291E7D8E0089DBA7 /* PictureCell.swift */,
				03BD38BC291E7D8E0089DBA7 /* PictureCell.xib */,
			);
			path = PictureCell;
			sourceTree = "<group>";
		};
		0360CEDA292D528500729EF9 /* LyricsList */ = {
			isa = PBXGroup;
			children = (
				0360CEDB292D528500729EF9 /* LyricsTableViewCell.xib */,
				0360CEDC292D528500729EF9 /* LyricsTableViewCell.swift */,
				0360CEDD292D528500729EF9 /* LyricsList.storyboard */,
				0360CEDE292D528500729EF9 /* LyricsListViewController.swift */,
				0360CEDF292D528500729EF9 /* MockStrings.swift */,
			);
			name = LyricsList;
			path = "../../../../한국대학생IT경영학회/todaycd 원본  복사본/Bring/TodayCD/LyricsList";
			sourceTree = "<group>";
		};
		0360CEE5292D543C00729EF9 /* Imoticon */ = {
			isa = PBXGroup;
			children = (
				0360CEE6292D543C00729EF9 /* ImoticonViewController.swift */,
				0360CEE7292D543C00729EF9 /* Imoticon.storyboard */,
			);
			name = Imoticon;
			path = "../../../../한국대학생IT경영학회/todaycd 원본  복사본/Bring/TodayCD/Imoticon";
			sourceTree = "<group>";
		};
		037DD2B929289A900078DD77 /* Slider */ = {
			isa = PBXGroup;
			children = (
				03AE8B212928A28B0018433E /* Storage.storyboard */,
				0330C70F291641B500737848 /* StorageViewController.swift */,
				037DD25D2927A3D60078DD77 /* SliderCell.swift */,
			);
			path = Slider;
			sourceTree = "<group>";
		};
		03971D7A2914E867007C6659 = {
			isa = PBXGroup;
			children = (
				03971D852914E867007C6659 /* Bring */,
				03971D842914E867007C6659 /* Products */,
				A88CA8785606A6184CF11126 /* Pods */,
				50F90D1C42B279C33099244C /* Frameworks */,
			);
			sourceTree = "<group>";
		};
		03971D842914E867007C6659 /* Products */ = {
			isa = PBXGroup;
			children = (
				03971D832914E867007C6659 /* Bring.app */,
			);
			name = Products;
			sourceTree = "<group>";
		};
		03971D852914E867007C6659 /* Bring */ = {
			isa = PBXGroup;
			children = (
				03198388292D4840009B1050 /* Constant */,
				03198377292D3F9E009B1050 /* Util */,
				03198374292D3ECD009B1050 /* Service */,
				03198369292D3DA8009B1050 /* Bean */,
				03C6A02F292C3EC300B651E6 /* Login */,
				03CD707A292B8AF1002BD2C2 /* Network */,
				03AE8B292928BF1C0018433E /* TodayCD */,
				03A1CCC42915F97500901B7A /* Resources */,
				03A1CCC12915F95200901B7A /* Models */,
				03A1CCDA2916025900901B7A /* Home */,
				03A1CCDB2916026F00901B7A /* Calendar */,
				03A1CCDD2916028000901B7A /* Storage */,
				03A1CCDC2916027700901B7A /* Mypage */,
				03A1CCC22915F95A00901B7A /* Views */,
				03C0E0B329179FA600C80331 /* PrevMe */,
				03971D942914E868007C6659 /* Info.plist */,
				03AEE15B292A4157003117B4 /* GoogleService-Info.plist */,
				03971D912914E868007C6659 /* LaunchScreen.storyboard */,
			);
			path = Bring;
			sourceTree = "<group>";
		};
		03A1CCC12915F95200901B7A /* Models */ = {
			isa = PBXGroup;
			children = (
				03FD3DB9291F46F200E154B2 /* PrevmeRecord.swift */,
				037DD25F2927AC1A0078DD77 /* EmotionSlider.swift */,
				03954B28292A65CC00C006C8 /* CDStorage.swift */,
				033DE61F292C5687006CB604 /* UserInfo.swift */,
				03198372292D3EBD009B1050 /* WebModel.swift */,
				0399D91D292E98D5005F0D8B /* PostsBySong.swift */,
				0370F0BD292F0FE6004206BA /* PostsByEmoji.swift */,
				0370F0C1292F4461004206BA /* SearchTrack.swift */,
			);
			path = Models;
			sourceTree = "<group>";
		};
		03A1CCC22915F95A00901B7A /* Views */ = {
			isa = PBXGroup;
			children = (
				03971D8C2914E867007C6659 /* Main.storyboard */,
				03971D8F2914E868007C6659 /* Assets.xcassets */,
				03A1CCC52915FED600901B7A /* MainTabBarController.swift */,
				03A1CCC72916003A00901B7A /* MainNavigationController.swift */,
				03A1CCEA29160AE400901B7A /* CustomBarItem.swift */,
				0399D917292E860E005F0D8B /* AnimationViewController.swift */,
				0399D91B292E8652005F0D8B /* Animation.storyboard */,
			);
			path = Views;
			sourceTree = "<group>";
		};
		03A1CCC42915F97500901B7A /* Resources */ = {
			isa = PBXGroup;
			children = (
				03971D862914E867007C6659 /* AppDelegate.swift */,
				03971D882914E867007C6659 /* SceneDelegate.swift */,
				0334090A2917BE0F0005B4C4 /* Extensions */,
			);
			path = Resources;
			sourceTree = "<group>";
		};
		03A1CCDA2916025900901B7A /* Home */ = {
			isa = PBXGroup;
			children = (
				0330C7172916464200737848 /* Home.storyboard */,
				03EF5C85292FA5220001F900 /* HomeViewController.swift */,
				03EF5C8F292FB6640001F900 /* FirstCell.swift */,
				03EF5C90292FB6640001F900 /* FirstCell.xib */,
				03EF5C93292FBBB70001F900 /* PrevCell.swift */,
				03EF5C94292FBBB70001F900 /* PrevCell.xib */,
				03EF5C97292FE4AF0001F900 /* TodayCell.swift */,
				03EF5C98292FE4AF0001F900 /* TodayCell.xib */,
				03EF5C9B292FE8300001F900 /* RecommendCell.swift */,
				03EF5C9C292FE8300001F900 /* RecommendCell.xib */,
			);
			path = Home;
			sourceTree = "<group>";
		};
		03A1CCDB2916026F00901B7A /* Calendar */ = {
			isa = PBXGroup;
			children = (
				0330C71A291646B300737848 /* Calendar.storyboard */,
				0330C713291641E300737848 /* CalendarViewController.swift */,
				0319837C292D4029009B1050 /* Detail.storyboard */,
				0319837E292D403C009B1050 /* DetailViewController.swift */,
			);
			path = Calendar;
			sourceTree = "<group>";
		};
		03A1CCDC2916027700901B7A /* Mypage */ = {
			isa = PBXGroup;
			children = (
				0330C71F2916470D00737848 /* Mypage.storyboard */,
				0330C711291641D300737848 /* MypageViewController.swift */,
			);
			path = Mypage;
			sourceTree = "<group>";
		};
		03A1CCDD2916028000901B7A /* Storage */ = {
			isa = PBXGroup;
			children = (
				03007DB2292C8C6F00227727 /* Emoji */,
				03AE8B242928A3E00018433E /* Music */,
				037DD2B929289A900078DD77 /* Slider */,
			);
			path = Storage;
			sourceTree = "<group>";
		};
		03A27EEE291E76EA00765E98 /* SeasonCell */ = {
			isa = PBXGroup;
			children = (
				03F0E582291A36320023BAEB /* SeasonCell.swift */,
				03F0E583291A36320023BAEB /* SeasonCell.xib */,
			);
			path = SeasonCell;
			sourceTree = "<group>";
		};
		03A27EEF291E76F300765E98 /* DateCell */ = {
			isa = PBXGroup;
			children = (
				03F0E586291A40BD0023BAEB /* DateCell.swift */,
				03F0E587291A40BD0023BAEB /* DateCell.xib */,
			);
			path = DateCell;
			sourceTree = "<group>";
		};
		03A27EF0291E770300765E98 /* WeatherCell */ = {
			isa = PBXGroup;
			children = (
				03F0E58B291A44F20023BAEB /* WeatherCell.xib */,
				03F0E58A291A44F20023BAEB /* WeatherCell.swift */,
			);
			path = WeatherCell;
			sourceTree = "<group>";
		};
		03A27EF1291E770F00765E98 /* FriendCell */ = {
			isa = PBXGroup;
			children = (
				03F0E58E291A47660023BAEB /* FriendCell.swift */,
				03F0E58F291A47660023BAEB /* FriendCell.xib */,
			);
			path = FriendCell;
			sourceTree = "<group>";
		};
		03A27EF2291E771800765E98 /* PlaceCell */ = {
			isa = PBXGroup;
			children = (
				03F0E592291A48A80023BAEB /* PlaceCell.swift */,
				03F0E593291A48A80023BAEB /* PlaceCell.xib */,
			);
			path = PlaceCell;
			sourceTree = "<group>";
		};
		03A27EF4291E772700765E98 /* TitleCell */ = {
			isa = PBXGroup;
			children = (
				03374F4729196122004AB96A /* TitleCell.swift */,
				03374F4829196122004AB96A /* TitleCell.xib */,
			);
			path = TitleCell;
			sourceTree = "<group>";
		};
		03A27EF5291E772F00765E98 /* SaveCell */ = {
			isa = PBXGroup;
			children = (
				03374F4F29196441004AB96A /* SaveCell.swift */,
				03374F5029196441004AB96A /* SaveCell.xib */,
			);
			path = SaveCell;
			sourceTree = "<group>";
		};
		03AE8B242928A3E00018433E /* Music */ = {
			isa = PBXGroup;
			children = (
				03AE8B252928A3F00018433E /* Music.storyboard */,
				03AE8B272928A3FA0018433E /* MusicViewController.swift */,
				03954B2A292B06F900C006C8 /* sameCell.swift */,
				03954B2C292B206B00C006C8 /* diffCell.swift */,
			);
			path = Music;
			sourceTree = "<group>";
		};
		03AE8B292928BF1C0018433E /* TodayCD */ = {
			isa = PBXGroup;
			children = (
				0360CEE5292D543C00729EF9 /* Imoticon */,
				0360CEDA292D528500729EF9 /* LyricsList */,
				033DE619292C456D006CB604 /* TodayCDViewController.storyboard */,
				033DE61A292C456D006CB604 /* TodayCDViewController.swift */,
			);
			path = TodayCD;
			sourceTree = "<group>";
		};
		03C0E0B329179FA600C80331 /* PrevMe */ = {
			isa = PBXGroup;
			children = (
				03F113D3292223090020DF56 /* Home */,
				03140F8F291F1FE00090B78C /* SearchBar */,
				03F0E57B291A2F580023BAEB /* LyricsModal */,
				03140F8E291F1FCF0090B78C /* RecordModal */,
				03F0E581291A35E60023BAEB /* RecordModalCell */,
				03EC79A529222388002D88EC /* Map */,
			);
			path = PrevMe;
			sourceTree = "<group>";
		};
		03C6A02F292C3EC300B651E6 /* Login */ = {
			isa = PBXGroup;
			children = (
				03C6A030292C3EF400B651E6 /* Login.storyboard */,
				033DE61D292C46EC006CB604 /* LoginViewController.swift */,
			);
			path = Login;
			sourceTree = "<group>";
		};
		03C73406291EAC1F00F8B959 /* TextCell */ = {
			isa = PBXGroup;
			children = (
				03C73402291EAC1B00F8B959 /* TextCell.swift */,
				03C73403291EAC1B00F8B959 /* TextCell.xib */,
			);
			path = TextCell;
			sourceTree = "<group>";
		};
		03CD707A292B8AF1002BD2C2 /* Network */ = {
			isa = PBXGroup;
			children = (
				03CD707B292B8B08002BD2C2 /* PostImage.swift */,
				0345B784292CD6CD006E93AD /* Kakao.swift */,
				03D41FE3292E5CDC0016E630 /* ByEmo.swift */,
				0399D91F292E9AFA005F0D8B /* GetPostsBySong.swift */,
				0370F0BF292F1127004206BA /* GetPostsByEmoji.swift */,
				0370F0C3292F44BB004206BA /* GetTrack.swift */,
			);
			path = Network;
			sourceTree = "<group>";
		};
		03EC79A529222388002D88EC /* Map */ = {
			isa = PBXGroup;
			children = (
				0329FBE42924F07200A1F982 /* Map.storyboard */,
				03E52C37292474D300E0F33C /* MapViewController.swift */,
			);
			path = Map;
			sourceTree = "<group>";
		};
		03F0E57B291A2F580023BAEB /* LyricsModal */ = {
			isa = PBXGroup;
			children = (
				03F9EB212918C8260095C7CF /* Lyrics.storyboard */,
				03F9EB2A291900900095C7CF /* LyricsModalController.swift */,
			);
			path = LyricsModal;
			sourceTree = "<group>";
		};
		03F0E580291A35D00023BAEB /* RecordTVC */ = {
			isa = PBXGroup;
			children = (
				034D3385291E7C3900290691 /* PictureCell */,
				03A27EEE291E76EA00765E98 /* SeasonCell */,
				03A27EF0291E770300765E98 /* WeatherCell */,
				03A27EEF291E76F300765E98 /* DateCell */,
				03A27EF1291E770F00765E98 /* FriendCell */,
				03A27EF2291E771800765E98 /* PlaceCell */,
				03C73406291EAC1F00F8B959 /* TextCell */,
			);
			path = RecordTVC;
			sourceTree = "<group>";
		};
		03F0E581291A35E60023BAEB /* RecordModalCell */ = {
			isa = PBXGroup;
			children = (
				03A27EF4291E772700765E98 /* TitleCell */,
				03A27EF5291E772F00765E98 /* SaveCell */,
				03F0E580291A35D00023BAEB /* RecordTVC */,
				03F9EB2C291904BD0095C7CF /* LyricsTVC */,
			);
			path = RecordModalCell;
			sourceTree = "<group>";
		};
		03F113D3292223090020DF56 /* Home */ = {
			isa = PBXGroup;
			children = (
				03C0E0AF29179D5E00C80331 /* TodayMeViewController.swift */,
				03EC79A32922235D002D88EC /* TodayMe.storyboard */,
			);
			path = Home;
			sourceTree = "<group>";
		};
		03F9EB2C291904BD0095C7CF /* LyricsTVC */ = {
			isa = PBXGroup;
			children = (
				03374F4B291962FC004AB96A /* LyricsCell.swift */,
				03374F4C291962FC004AB96A /* LyricsCell.xib */,
			);
			path = LyricsTVC;
			sourceTree = "<group>";
		};
		50F90D1C42B279C33099244C /* Frameworks */ = {
			isa = PBXGroup;
			children = (
				1C48529E665DC2CEC4B1039E /* Pods_Bring.framework */,
			);
			name = Frameworks;
			sourceTree = "<group>";
		};
		A88CA8785606A6184CF11126 /* Pods */ = {
			isa = PBXGroup;
			children = (
				8262974692D337AB8224E970 /* Pods-Bring.debug.xcconfig */,
				37F2EA694AAAB46FA3A2C1B0 /* Pods-Bring.release.xcconfig */,
			);
			path = Pods;
			sourceTree = "<group>";
		};
/* End PBXGroup section */

/* Begin PBXNativeTarget section */
		03971D822914E867007C6659 /* Bring */ = {
			isa = PBXNativeTarget;
			buildConfigurationList = 03971D972914E868007C6659 /* Build configuration list for PBXNativeTarget "Bring" */;
			buildPhases = (
				205B0A3E8BBFC76A7FA83368 /* [CP] Check Pods Manifest.lock */,
				03971D7F2914E867007C6659 /* Sources */,
				03971D802914E867007C6659 /* Frameworks */,
				03971D812914E867007C6659 /* Resources */,
				94C5D12F610A4767F17C9DB2 /* [CP] Embed Pods Frameworks */,
			);
			buildRules = (
			);
			dependencies = (
			);
			name = Bring;
			packageProductDependencies = (
				03F9EB282918F97F0095C7CF /* PanModal */,
			);
			productName = Bring;
			productReference = 03971D832914E867007C6659 /* Bring.app */;
			productType = "com.apple.product-type.application";
		};
/* End PBXNativeTarget section */

/* Begin PBXProject section */
		03971D7B2914E867007C6659 /* Project object */ = {
			isa = PBXProject;
			attributes = {
				BuildIndependentTargetsInParallel = 1;
				LastSwiftUpdateCheck = 1400;
				LastUpgradeCheck = 1400;
				TargetAttributes = {
					03971D822914E867007C6659 = {
						CreatedOnToolsVersion = 14.0.1;
					};
				};
			};
			buildConfigurationList = 03971D7E2914E867007C6659 /* Build configuration list for PBXProject "Bring" */;
			compatibilityVersion = "Xcode 14.0";
			developmentRegion = en;
			hasScannedForEncodings = 0;
			knownRegions = (
				en,
				Base,
			);
			mainGroup = 03971D7A2914E867007C6659;
			packageReferences = (
				03F9EB272918F97F0095C7CF /* XCRemoteSwiftPackageReference "PanModal" */,
			);
			productRefGroup = 03971D842914E867007C6659 /* Products */;
			projectDirPath = "";
			projectRoot = "";
			targets = (
				03971D822914E867007C6659 /* Bring */,
			);
		};
/* End PBXProject section */

/* Begin PBXResourcesBuildPhase section */
		03971D812914E867007C6659 /* Resources */ = {
			isa = PBXResourcesBuildPhase;
			buildActionMask = 2147483647;
			files = (
				03007DB6292C8C8800227727 /* Emoji.storyboard in Resources */,
				03F0E58D291A44F20023BAEB /* WeatherCell.xib in Resources */,
				03EF5C92292FB6640001F900 /* FirstCell.xib in Resources */,
				03374F4E291962FC004AB96A /* LyricsCell.xib in Resources */,
				03EF5C9E292FE8300001F900 /* RecommendCell.xib in Resources */,
				03971D932914E868007C6659 /* LaunchScreen.storyboard in Resources */,
				0329FBE22924F07200A1F982 /* Map.storyboard in Resources */,
				0330C7202916470D00737848 /* Mypage.storyboard in Resources */,
				03EC79A42922235D002D88EC /* TodayMe.storyboard in Resources */,
				0360CEE0292D528500729EF9 /* LyricsTableViewCell.xib in Resources */,
				03AE8B262928A3F00018433E /* Music.storyboard in Resources */,
				03BD38BE291E7D8E0089DBA7 /* PictureCell.xib in Resources */,
				03971D902914E868007C6659 /* Assets.xcassets in Resources */,
				03C6A031292C3EF400B651E6 /* Login.storyboard in Resources */,
				0319837D292D4029009B1050 /* Detail.storyboard in Resources */,
				03F0E585291A36320023BAEB /* SeasonCell.xib in Resources */,
				03EF5C9A292FE4AF0001F900 /* TodayCell.xib in Resources */,
				03F0E57D291A2F940023BAEB /* Record.storyboard in Resources */,
				03F0E595291A48A80023BAEB /* PlaceCell.xib in Resources */,
				03971D8E2914E867007C6659 /* Main.storyboard in Resources */,
				033DE61B292C456D006CB604 /* TodayCDViewController.storyboard in Resources */,
				03AEE15C292A4157003117B4 /* GoogleService-Info.plist in Resources */,
				03F0E589291A40BD0023BAEB /* DateCell.xib in Resources */,
				03AE8B232928A28B0018433E /* Storage.storyboard in Resources */,
				0330C71B291646B300737848 /* Calendar.storyboard in Resources */,
				03374F5229196441004AB96A /* SaveCell.xib in Resources */,
				03374F4A29196122004AB96A /* TitleCell.xib in Resources */,
				03EF5C96292FBBB70001F900 /* PrevCell.xib in Resources */,
				03F0E591291A47660023BAEB /* FriendCell.xib in Resources */,
				03C73405291EAC1B00F8B959 /* TextCell.xib in Resources */,
				0360CEE2292D528500729EF9 /* LyricsList.storyboard in Resources */,
				0360CEE9292D543C00729EF9 /* Imoticon.storyboard in Resources */,
				0330C7192916464300737848 /* Home.storyboard in Resources */,
				0399D91C292E8652005F0D8B /* Animation.storyboard in Resources */,
				03F9EB222918C8260095C7CF /* Lyrics.storyboard in Resources */,
				03140F93291F1FFC0090B78C /* SearchCell.xib in Resources */,
			);
			runOnlyForDeploymentPostprocessing = 0;
		};
/* End PBXResourcesBuildPhase section */

/* Begin PBXShellScriptBuildPhase section */
		205B0A3E8BBFC76A7FA83368 /* [CP] Check Pods Manifest.lock */ = {
			isa = PBXShellScriptBuildPhase;
			buildActionMask = 2147483647;
			files = (
			);
			inputFileListPaths = (
			);
			inputPaths = (
				"${PODS_PODFILE_DIR_PATH}/Podfile.lock",
				"${PODS_ROOT}/Manifest.lock",
			);
			name = "[CP] Check Pods Manifest.lock";
			outputFileListPaths = (
			);
			outputPaths = (
				"$(DERIVED_FILE_DIR)/Pods-Bring-checkManifestLockResult.txt",
			);
			runOnlyForDeploymentPostprocessing = 0;
			shellPath = /bin/sh;
			shellScript = "diff \"${PODS_PODFILE_DIR_PATH}/Podfile.lock\" \"${PODS_ROOT}/Manifest.lock\" > /dev/null\nif [ $? != 0 ] ; then\n    # print error to STDERR\n    echo \"error: The sandbox is not in sync with the Podfile.lock. Run 'pod install' or update your CocoaPods installation.\" >&2\n    exit 1\nfi\n# This output is used by Xcode 'outputs' to avoid re-running this script phase.\necho \"SUCCESS\" > \"${SCRIPT_OUTPUT_FILE_0}\"\n";
			showEnvVarsInLog = 0;
		};
		94C5D12F610A4767F17C9DB2 /* [CP] Embed Pods Frameworks */ = {
			isa = PBXShellScriptBuildPhase;
			buildActionMask = 2147483647;
			files = (
			);
			inputFileListPaths = (
				"${PODS_ROOT}/Target Support Files/Pods-Bring/Pods-Bring-frameworks-${CONFIGURATION}-input-files.xcfilelist",
			);
			name = "[CP] Embed Pods Frameworks";
			outputFileListPaths = (
				"${PODS_ROOT}/Target Support Files/Pods-Bring/Pods-Bring-frameworks-${CONFIGURATION}-output-files.xcfilelist",
			);
			runOnlyForDeploymentPostprocessing = 0;
			shellPath = /bin/sh;
			shellScript = "\"${PODS_ROOT}/Target Support Files/Pods-Bring/Pods-Bring-frameworks.sh\"\n";
			showEnvVarsInLog = 0;
		};
/* End PBXShellScriptBuildPhase section */

/* Begin PBXSourcesBuildPhase section */
		03971D7F2914E867007C6659 /* Sources */ = {
			isa = PBXSourcesBuildPhase;
			buildActionMask = 2147483647;
			files = (
				03EF5C95292FBBB70001F900 /* PrevCell.swift in Sources */,
				03C0E0B029179D5E00C80331 /* TodayMeViewController.swift in Sources */,
				03F0E588291A40BD0023BAEB /* DateCell.swift in Sources */,
				03954B29292A65CC00C006C8 /* CDStorage.swift in Sources */,
				03198376292D3EDB009B1050 /* WebService.swift in Sources */,
				0319836F292D3E49009B1050 /* QuestionBean.swift in Sources */,
				0360CEE1292D528500729EF9 /* LyricsTableViewCell.swift in Sources */,
				03198383292D477A009B1050 /* DateExtension.swift in Sources */,
				033DE61E292C46EC006CB604 /* LoginViewController.swift in Sources */,
				03EF5C91292FB6640001F900 /* FirstCell.swift in Sources */,
				0360CEE3292D528500729EF9 /* LyricsListViewController.swift in Sources */,
				033DE61C292C456D006CB604 /* TodayCDViewController.swift in Sources */,
				0319836B292D3DD8009B1050 /* CalenderBean.swift in Sources */,
				0370F0C2292F4461004206BA /* SearchTrack.swift in Sources */,
				0360CEE4292D528500729EF9 /* MockStrings.swift in Sources */,
				03374F4D291962FC004AB96A /* LyricsCell.swift in Sources */,
				03F0E584291A36320023BAEB /* SeasonCell.swift in Sources */,
				03AE8B282928A3FA0018433E /* MusicViewController.swift in Sources */,
				03007DB8292C9A6A00227727 /* MusicCell.swift in Sources */,
				03954B2B292B06F900C006C8 /* sameCell.swift in Sources */,
				03198379292D3FB6009B1050 /* HttpWrapper.swift in Sources */,
				0330C714291641E300737848 /* CalendarViewController.swift in Sources */,
				03A1CCEB29160AE400901B7A /* CustomBarItem.swift in Sources */,
				0399D920292E9AFA005F0D8B /* GetPostsBySong.swift in Sources */,
				03322622291E823500856940 /* UIResponder.swift in Sources */,
				03954B2D292B206B00C006C8 /* diffCell.swift in Sources */,
				03EF5C99292FE4AF0001F900 /* TodayCell.swift in Sources */,
				03F9EB2B291900900095C7CF /* LyricsModalController.swift in Sources */,
				03F0E590291A47660023BAEB /* FriendCell.swift in Sources */,
				03198385292D47D1009B1050 /* UIImageExtension.swift in Sources */,
				03BD38BD291E7D8E0089DBA7 /* PictureCell.swift in Sources */,
				0345B785292CD6CD006E93AD /* Kakao.swift in Sources */,
				03EF5C9D292FE8300001F900 /* RecommendCell.swift in Sources */,
				03198381292D45A8009B1050 /* DLogUtil.swift in Sources */,
				03A1CCC82916003A00901B7A /* MainNavigationController.swift in Sources */,
				0370F0C0292F1127004206BA /* GetPostsByEmoji.swift in Sources */,
				0330C712291641D300737848 /* MypageViewController.swift in Sources */,
				03140F92291F1FFC0090B78C /* SearchCell.swift in Sources */,
				03374F5129196441004AB96A /* SaveCell.swift in Sources */,
				03EF5C83292FA3AF0001F900 /* UIColor+Extension.swift in Sources */,
				03971D872914E867007C6659 /* AppDelegate.swift in Sources */,
				0319837F292D403C009B1050 /* DetailViewController.swift in Sources */,
				037DD25E2927A3D60078DD77 /* SliderCell.swift in Sources */,
				03F0E57F291A2FD30023BAEB /* RecordModalController.swift in Sources */,
				03F0E58C291A44F20023BAEB /* WeatherCell.swift in Sources */,
				0370F0C4292F44BB004206BA /* GetTrack.swift in Sources */,
				03EF5C81292FA3AF0001F900 /* UIBezierPath+Extension.swift in Sources */,
				03CD707C292B8B08002BD2C2 /* PostImage.swift in Sources */,
				03374F4929196122004AB96A /* TitleCell.swift in Sources */,
				037DD2602927AC1A0078DD77 /* EmotionSlider.swift in Sources */,
				0334090C2917BE1F0005B4C4 /* UIColor.swift in Sources */,
				03C73404291EAC1B00F8B959 /* TextCell.swift in Sources */,
				0370F0BE292F0FE6004206BA /* PostsByEmoji.swift in Sources */,
				03198371292D3E5A009B1050 /* VideoBean.swift in Sources */,
				03007DB4292C8C8000227727 /* EmojiViewController.swift in Sources */,
				03198387292D47E2009B1050 /* UIViewExtension.swift in Sources */,
				03F0E594291A48A80023BAEB /* PlaceCell.swift in Sources */,
				03F9EB242918CE430095C7CF /* CALayer.swift in Sources */,
				03EF5C80292FA3AF0001F900 /* UIFont+Extension.swift in Sources */,
				03A1CCC62915FED600901B7A /* MainTabBarController.swift in Sources */,
				033DE620292C5687006CB604 /* UserInfo.swift in Sources */,
				03EF5C82292FA3AF0001F900 /* UIView+Extention.swift in Sources */,
				03D41FE4292E5CDC0016E630 /* ByEmo.swift in Sources */,
				03EF5C86292FA5220001F900 /* HomeViewController.swift in Sources */,
				03198373292D3EBD009B1050 /* WebModel.swift in Sources */,
				0399D918292E860E005F0D8B /* AnimationViewController.swift in Sources */,
				0360CEE8292D543C00729EF9 /* ImoticonViewController.swift in Sources */,
				0319836D292D3E2B009B1050 /* CalenderDetailBean.swift in Sources */,
				03971D892914E867007C6659 /* SceneDelegate.swift in Sources */,
				0330C710291641B500737848 /* StorageViewController.swift in Sources */,
				03E52C38292474D300E0F33C /* MapViewController.swift in Sources */,
				03EF5C84292FA3AF0001F900 /* UITextField+Extension.swift in Sources */,
				0319838A292D484E009B1050 /* Constant.swift in Sources */,
				03FD3DBA291F46F200E154B2 /* PrevmeRecord.swift in Sources */,
				0319837B292D3FC8009B1050 /* JSONUtil.swift in Sources */,
				0399D91E292E98D5005F0D8B /* PostsBySong.swift in Sources */,
			);
			runOnlyForDeploymentPostprocessing = 0;
		};
/* End PBXSourcesBuildPhase section */

/* Begin PBXVariantGroup section */
		0329FBE42924F07200A1F982 /* Map.storyboard */ = {
			isa = PBXVariantGroup;
			children = (
				0329FBE32924F07200A1F982 /* Base */,
			);
			name = Map.storyboard;
			sourceTree = "<group>";
		};
		0330C7172916464200737848 /* Home.storyboard */ = {
			isa = PBXVariantGroup;
			children = (
				0330C7182916464200737848 /* Base */,
			);
			name = Home.storyboard;
			sourceTree = "<group>";
		};
		03971D8C2914E867007C6659 /* Main.storyboard */ = {
			isa = PBXVariantGroup;
			children = (
				03971D8D2914E867007C6659 /* Base */,
			);
			name = Main.storyboard;
			sourceTree = "<group>";
		};
		03971D912914E868007C6659 /* LaunchScreen.storyboard */ = {
			isa = PBXVariantGroup;
			children = (
				03971D922914E868007C6659 /* Base */,
			);
			name = LaunchScreen.storyboard;
			sourceTree = "<group>";
		};
		03AE8B212928A28B0018433E /* Storage.storyboard */ = {
			isa = PBXVariantGroup;
			children = (
				03AE8B222928A28B0018433E /* Base */,
			);
			name = Storage.storyboard;
			sourceTree = "<group>";
		};
/* End PBXVariantGroup section */

/* Begin XCBuildConfiguration section */
		03971D952914E868007C6659 /* Debug */ = {
			isa = XCBuildConfiguration;
			buildSettings = {
				ALWAYS_SEARCH_USER_PATHS = NO;
				CLANG_ANALYZER_NONNULL = YES;
				CLANG_ANALYZER_NUMBER_OBJECT_CONVERSION = YES_AGGRESSIVE;
				CLANG_CXX_LANGUAGE_STANDARD = "gnu++20";
				CLANG_ENABLE_MODULES = YES;
				CLANG_ENABLE_OBJC_ARC = YES;
				CLANG_ENABLE_OBJC_WEAK = YES;
				CLANG_WARN_BLOCK_CAPTURE_AUTORELEASING = YES;
				CLANG_WARN_BOOL_CONVERSION = YES;
				CLANG_WARN_COMMA = YES;
				CLANG_WARN_CONSTANT_CONVERSION = YES;
				CLANG_WARN_DEPRECATED_OBJC_IMPLEMENTATIONS = YES;
				CLANG_WARN_DIRECT_OBJC_ISA_USAGE = YES_ERROR;
				CLANG_WARN_DOCUMENTATION_COMMENTS = YES;
				CLANG_WARN_EMPTY_BODY = YES;
				CLANG_WARN_ENUM_CONVERSION = YES;
				CLANG_WARN_INFINITE_RECURSION = YES;
				CLANG_WARN_INT_CONVERSION = YES;
				CLANG_WARN_NON_LITERAL_NULL_CONVERSION = YES;
				CLANG_WARN_OBJC_IMPLICIT_RETAIN_SELF = YES;
				CLANG_WARN_OBJC_LITERAL_CONVERSION = YES;
				CLANG_WARN_OBJC_ROOT_CLASS = YES_ERROR;
				CLANG_WARN_QUOTED_INCLUDE_IN_FRAMEWORK_HEADER = YES;
				CLANG_WARN_RANGE_LOOP_ANALYSIS = YES;
				CLANG_WARN_STRICT_PROTOTYPES = YES;
				CLANG_WARN_SUSPICIOUS_MOVE = YES;
				CLANG_WARN_UNGUARDED_AVAILABILITY = YES_AGGRESSIVE;
				CLANG_WARN_UNREACHABLE_CODE = YES;
				CLANG_WARN__DUPLICATE_METHOD_MATCH = YES;
				COPY_PHASE_STRIP = NO;
				DEBUG_INFORMATION_FORMAT = dwarf;
				ENABLE_STRICT_OBJC_MSGSEND = YES;
				ENABLE_TESTABILITY = YES;
				GCC_C_LANGUAGE_STANDARD = gnu11;
				GCC_DYNAMIC_NO_PIC = NO;
				GCC_NO_COMMON_BLOCKS = YES;
				GCC_OPTIMIZATION_LEVEL = 0;
				GCC_PREPROCESSOR_DEFINITIONS = (
					"DEBUG=1",
					"$(inherited)",
				);
				GCC_WARN_64_TO_32_BIT_CONVERSION = YES;
				GCC_WARN_ABOUT_RETURN_TYPE = YES_ERROR;
				GCC_WARN_UNDECLARED_SELECTOR = YES;
				GCC_WARN_UNINITIALIZED_AUTOS = YES_AGGRESSIVE;
				GCC_WARN_UNUSED_FUNCTION = YES;
				GCC_WARN_UNUSED_VARIABLE = YES;
				IPHONEOS_DEPLOYMENT_TARGET = 16.0;
				MTL_ENABLE_DEBUG_INFO = INCLUDE_SOURCE;
				MTL_FAST_MATH = YES;
				ONLY_ACTIVE_ARCH = YES;
				SDKROOT = iphoneos;
				SWIFT_ACTIVE_COMPILATION_CONDITIONS = DEBUG;
				SWIFT_OPTIMIZATION_LEVEL = "-Onone";
			};
			name = Debug;
		};
		03971D962914E868007C6659 /* Release */ = {
			isa = XCBuildConfiguration;
			buildSettings = {
				ALWAYS_SEARCH_USER_PATHS = NO;
				CLANG_ANALYZER_NONNULL = YES;
				CLANG_ANALYZER_NUMBER_OBJECT_CONVERSION = YES_AGGRESSIVE;
				CLANG_CXX_LANGUAGE_STANDARD = "gnu++20";
				CLANG_ENABLE_MODULES = YES;
				CLANG_ENABLE_OBJC_ARC = YES;
				CLANG_ENABLE_OBJC_WEAK = YES;
				CLANG_WARN_BLOCK_CAPTURE_AUTORELEASING = YES;
				CLANG_WARN_BOOL_CONVERSION = YES;
				CLANG_WARN_COMMA = YES;
				CLANG_WARN_CONSTANT_CONVERSION = YES;
				CLANG_WARN_DEPRECATED_OBJC_IMPLEMENTATIONS = YES;
				CLANG_WARN_DIRECT_OBJC_ISA_USAGE = YES_ERROR;
				CLANG_WARN_DOCUMENTATION_COMMENTS = YES;
				CLANG_WARN_EMPTY_BODY = YES;
				CLANG_WARN_ENUM_CONVERSION = YES;
				CLANG_WARN_INFINITE_RECURSION = YES;
				CLANG_WARN_INT_CONVERSION = YES;
				CLANG_WARN_NON_LITERAL_NULL_CONVERSION = YES;
				CLANG_WARN_OBJC_IMPLICIT_RETAIN_SELF = YES;
				CLANG_WARN_OBJC_LITERAL_CONVERSION = YES;
				CLANG_WARN_OBJC_ROOT_CLASS = YES_ERROR;
				CLANG_WARN_QUOTED_INCLUDE_IN_FRAMEWORK_HEADER = YES;
				CLANG_WARN_RANGE_LOOP_ANALYSIS = YES;
				CLANG_WARN_STRICT_PROTOTYPES = YES;
				CLANG_WARN_SUSPICIOUS_MOVE = YES;
				CLANG_WARN_UNGUARDED_AVAILABILITY = YES_AGGRESSIVE;
				CLANG_WARN_UNREACHABLE_CODE = YES;
				CLANG_WARN__DUPLICATE_METHOD_MATCH = YES;
				COPY_PHASE_STRIP = NO;
				DEBUG_INFORMATION_FORMAT = "dwarf-with-dsym";
				ENABLE_NS_ASSERTIONS = NO;
				ENABLE_STRICT_OBJC_MSGSEND = YES;
				GCC_C_LANGUAGE_STANDARD = gnu11;
				GCC_NO_COMMON_BLOCKS = YES;
				GCC_WARN_64_TO_32_BIT_CONVERSION = YES;
				GCC_WARN_ABOUT_RETURN_TYPE = YES_ERROR;
				GCC_WARN_UNDECLARED_SELECTOR = YES;
				GCC_WARN_UNINITIALIZED_AUTOS = YES_AGGRESSIVE;
				GCC_WARN_UNUSED_FUNCTION = YES;
				GCC_WARN_UNUSED_VARIABLE = YES;
				IPHONEOS_DEPLOYMENT_TARGET = 16.0;
				MTL_ENABLE_DEBUG_INFO = NO;
				MTL_FAST_MATH = YES;
				SDKROOT = iphoneos;
				SWIFT_COMPILATION_MODE = wholemodule;
				SWIFT_OPTIMIZATION_LEVEL = "-O";
				VALIDATE_PRODUCT = YES;
			};
			name = Release;
		};
		03971D982914E868007C6659 /* Debug */ = {
			isa = XCBuildConfiguration;
			baseConfigurationReference = 8262974692D337AB8224E970 /* Pods-Bring.debug.xcconfig */;
			buildSettings = {
				ASSETCATALOG_COMPILER_APPICON_NAME = AppIcon;
				ASSETCATALOG_COMPILER_GLOBAL_ACCENT_COLOR_NAME = AccentColor;
				CLANG_ENABLE_OBJC_ARC = NO;
				CODE_SIGN_STYLE = Automatic;
				CURRENT_PROJECT_VERSION = 1;
				DEVELOPMENT_TEAM = NMC6ZX3X68;
				"EXCLUDED_ARCHS[sdk=iphonesimulator*]" = arm64;
				FRAMEWORK_SEARCH_PATHS = (
					"$(inherited)",
					/Users/oyejin/KusitmsFront/Bring/Bring.xcodeproj,
				);
				GENERATE_INFOPLIST_FILE = YES;
				INFOPLIST_FILE = Bring/Info.plist;
				INFOPLIST_KEY_NSLocationAlwaysAndWhenInUseUsageDescription = "This application requires location services to work";
				INFOPLIST_KEY_NSLocationAlwaysUsageDescription = "This application requires location services to work";
				INFOPLIST_KEY_NSLocationWhenInUseUsageDescription = "Please allow to see current location.";
				INFOPLIST_KEY_UIApplicationSupportsIndirectInputEvents = YES;
				INFOPLIST_KEY_UILaunchStoryboardName = LaunchScreen;
				INFOPLIST_KEY_UIMainStoryboardFile = Main;
				INFOPLIST_KEY_UISupportedInterfaceOrientations_iPad = "UIInterfaceOrientationPortrait UIInterfaceOrientationPortraitUpsideDown UIInterfaceOrientationLandscapeLeft UIInterfaceOrientationLandscapeRight";
				INFOPLIST_KEY_UISupportedInterfaceOrientations_iPhone = "UIInterfaceOrientationPortrait UIInterfaceOrientationLandscapeLeft UIInterfaceOrientationLandscapeRight";
				LD_RUNPATH_SEARCH_PATHS = (
					"$(inherited)",
					"@executable_path/Frameworks",
				);
				MARKETING_VERSION = 1.0;
				PRODUCT_BUNDLE_IDENTIFIER = com.2621.Bring;
				PRODUCT_NAME = "$(TARGET_NAME)";
				SWIFT_EMIT_LOC_STRINGS = YES;
				SWIFT_OBJC_BRIDGING_HEADER = "";
				SWIFT_VERSION = 5.0;
				TARGETED_DEVICE_FAMILY = "1,2";
			};
			name = Debug;
		};
		03971D992914E868007C6659 /* Release */ = {
			isa = XCBuildConfiguration;
			baseConfigurationReference = 37F2EA694AAAB46FA3A2C1B0 /* Pods-Bring.release.xcconfig */;
			buildSettings = {
				ASSETCATALOG_COMPILER_APPICON_NAME = AppIcon;
				ASSETCATALOG_COMPILER_GLOBAL_ACCENT_COLOR_NAME = AccentColor;
				CLANG_ENABLE_OBJC_ARC = NO;
				CODE_SIGN_STYLE = Automatic;
				CURRENT_PROJECT_VERSION = 1;
				DEVELOPMENT_TEAM = NMC6ZX3X68;
				"EXCLUDED_ARCHS[sdk=iphonesimulator*]" = arm64;
				FRAMEWORK_SEARCH_PATHS = (
					"$(inherited)",
					/Users/oyejin/KusitmsFront/Bring/Bring.xcodeproj,
				);
				GENERATE_INFOPLIST_FILE = YES;
				INFOPLIST_FILE = Bring/Info.plist;
				INFOPLIST_KEY_NSLocationAlwaysAndWhenInUseUsageDescription = "This application requires location services to work";
				INFOPLIST_KEY_NSLocationAlwaysUsageDescription = "This application requires location services to work";
				INFOPLIST_KEY_NSLocationWhenInUseUsageDescription = "Please allow to see current location.";
				INFOPLIST_KEY_UIApplicationSupportsIndirectInputEvents = YES;
				INFOPLIST_KEY_UILaunchStoryboardName = LaunchScreen;
				INFOPLIST_KEY_UIMainStoryboardFile = Main;
				INFOPLIST_KEY_UISupportedInterfaceOrientations_iPad = "UIInterfaceOrientationPortrait UIInterfaceOrientationPortraitUpsideDown UIInterfaceOrientationLandscapeLeft UIInterfaceOrientationLandscapeRight";
				INFOPLIST_KEY_UISupportedInterfaceOrientations_iPhone = "UIInterfaceOrientationPortrait UIInterfaceOrientationLandscapeLeft UIInterfaceOrientationLandscapeRight";
				LD_RUNPATH_SEARCH_PATHS = (
					"$(inherited)",
					"@executable_path/Frameworks",
				);
				MARKETING_VERSION = 1.0;
				PRODUCT_BUNDLE_IDENTIFIER = com.2621.Bring;
				PRODUCT_NAME = "$(TARGET_NAME)";
				SWIFT_EMIT_LOC_STRINGS = YES;
				SWIFT_OBJC_BRIDGING_HEADER = "";
				SWIFT_VERSION = 5.0;
				TARGETED_DEVICE_FAMILY = "1,2";
			};
			name = Release;
		};
/* End XCBuildConfiguration section */

/* Begin XCConfigurationList section */
		03971D7E2914E867007C6659 /* Build configuration list for PBXProject "Bring" */ = {
			isa = XCConfigurationList;
			buildConfigurations = (
				03971D952914E868007C6659 /* Debug */,
				03971D962914E868007C6659 /* Release */,
			);
			defaultConfigurationIsVisible = 0;
			defaultConfigurationName = Release;
		};
		03971D972914E868007C6659 /* Build configuration list for PBXNativeTarget "Bring" */ = {
			isa = XCConfigurationList;
			buildConfigurations = (
				03971D982914E868007C6659 /* Debug */,
				03971D992914E868007C6659 /* Release */,
			);
			defaultConfigurationIsVisible = 0;
			defaultConfigurationName = Release;
		};
/* End XCConfigurationList section */

/* Begin XCRemoteSwiftPackageReference section */
		03F9EB272918F97F0095C7CF /* XCRemoteSwiftPackageReference "PanModal" */ = {
			isa = XCRemoteSwiftPackageReference;
			repositoryURL = "https://github.com/slackhq/PanModal.git";
			requirement = {
				kind = upToNextMajorVersion;
				minimumVersion = 1.0.0;
			};
		};
/* End XCRemoteSwiftPackageReference section */

/* Begin XCSwiftPackageProductDependency section */
		03F9EB282918F97F0095C7CF /* PanModal */ = {
			isa = XCSwiftPackageProductDependency;
			package = 03F9EB272918F97F0095C7CF /* XCRemoteSwiftPackageReference "PanModal" */;
			productName = PanModal;
		};
/* End XCSwiftPackageProductDependency section */
	};
	rootObject = 03971D7B2914E867007C6659 /* Project object */;
}
